
Microsoft Visual Studio Solution File, Format Version 12.00
# Visual Studio 14
VisualStudioVersion = 14.0.25123.0
MinimumVisualStudioVersion = 10.0.40219.1
Project("{2150E333-8FDC-42A3-9474-1A3956D46DE8}") = "src", "src", "{DB9A5C42-3F8B-4546-96F2-DD35BCACA018}"
EndProject
Project("{2150E333-8FDC-42A3-9474-1A3956D46DE8}") = "_Solution Items", "_Solution Items", "{1A43BA07-0742-4D95-83DF-50486301DF7C}"
	ProjectSection(SolutionItems) = preProject
		appveyor.yml = appveyor.yml
		global.json = global.json
		README.md = README.md
	EndProjectSection
EndProject
Project("{8BB2217D-0F2D-49D1-97BC-3654ED321F3B}") = "System.AppDomain.NetCoreApp", "src\System.AppDomain.NetCoreApp\System.AppDomain.NetCoreApp.xproj", "{1E6E8F58-F37D-4AD5-88F5-5BAADB3DD505}"
EndProject
Project("{2150E333-8FDC-42A3-9474-1A3956D46DE8}") = "examples", "examples", "{57E4BD5E-EA38-4913-A45C-B349AE5D5C54}"
EndProject
Project("{8BB2217D-0F2D-49D1-97BC-3654ED321F3B}") = "NetCoreApp", "examples\NetCoreApp\NetCoreApp.xproj", "{760AC1F6-E3C1-479F-9990-A1392CF098B5}"
EndProject
Project("{8BB2217D-0F2D-49D1-97BC-3654ED321F3B}") = "NetCoreWebApplication", "examples\NetCoreWebApplication\NetCoreWebApplication.xproj", "{5E9C59F0-B155-4E1F-8419-B226F7AB4EA7}"
EndProject
Global
	GlobalSection(SolutionConfigurationPlatforms) = preSolution
		Debug|Any CPU = Debug|Any CPU
		Debug|ARM = Debug|ARM
		Debug|x64 = Debug|x64
		Debug|x86 = Debug|x86
		Release|Any CPU = Release|Any CPU
		Release|ARM = Release|ARM
		Release|x64 = Release|x64
		Release|x86 = Release|x86
	EndGlobalSection
	GlobalSection(ProjectConfigurationPlatforms) = postSolution
		{1E6E8F58-F37D-4AD5-88F5-5BAADB3DD505}.Debug|Any CPU.ActiveCfg = Debug|Any CPU
		{1E6E8F58-F37D-4AD5-88F5-5BAADB3DD505}.Debug|Any CPU.Build.0 = Debug|Any CPU
		{1E6E8F58-F37D-4AD5-88F5-5BAADB3DD505}.Debug|ARM.ActiveCfg = Debug|Any CPU
		{1E6E8F58-F37D-4AD5-88F5-5BAADB3DD505}.Debug|ARM.Build.0 = Debug|Any CPU
		{1E6E8F58-F37D-4AD5-88F5-5BAADB3DD505}.Debug|x64.ActiveCfg = Debug|Any CPU
		{1E6E8F58-F37D-4AD5-88F5-5BAADB3DD505}.Debug|x64.Build.0 = Debug|Any CPU
		{1E6E8F58-F37D-4AD5-88F5-5BAADB3DD505}.Debug|x86.ActiveCfg = Debug|Any CPU
		{1E6E8F58-F37D-4AD5-88F5-5BAADB3DD505}.Debug|x86.Build.0 = Debug|Any CPU
		{1E6E8F58-F37D-4AD5-88F5-5BAADB3DD505}.Release|Any CPU.ActiveCfg = Release|Any CPU
		{1E6E8F58-F37D-4AD5-88F5-5BAADB3DD505}.Release|Any CPU.Build.0 = Release|Any CPU
		{1E6E8F58-F37D-4AD5-88F5-5BAADB3DD505}.Release|ARM.ActiveCfg = Release|Any CPU
		{1E6E8F58-F37D-4AD5-88F5-5BAADB3DD505}.Release|ARM.Build.0 = Release|Any CPU
		{1E6E8F58-F37D-4AD5-88F5-5BAADB3DD505}.Release|x64.ActiveCfg = Release|Any CPU
		{1E6E8F58-F37D-4AD5-88F5-5BAADB3DD505}.Release|x64.Build.0 = Release|Any CPU
		{1E6E8F58-F37D-4AD5-88F5-5BAADB3DD505}.Release|x86.ActiveCfg = Release|Any CPU
		{1E6E8F58-F37D-4AD5-88F5-5BAADB3DD505}.Release|x86.Build.0 = Release|Any CPU
		{760AC1F6-E3C1-479F-9990-A1392CF098B5}.Debug|Any CPU.ActiveCfg = Debug|Any CPU
		{760AC1F6-E3C1-479F-9990-A1392CF098B5}.Debug|Any CPU.Build.0 = Debug|Any CPU
		{760AC1F6-E3C1-479F-9990-A1392CF098B5}.Debug|ARM.ActiveCfg = Debug|Any CPU
		{760AC1F6-E3C1-479F-9990-A1392CF098B5}.Debug|ARM.Build.0 = Debug|Any CPU
		{760AC1F6-E3C1-479F-9990-A1392CF098B5}.Debug|x64.ActiveCfg = Debug|Any CPU
		{760AC1F6-E3C1-479F-9990-A1392CF098B5}.Debug|x64.Build.0 = Debug|Any CPU
		{760AC1F6-E3C1-479F-9990-A1392CF098B5}.Debug|x86.ActiveCfg = Debug|Any CPU
		{760AC1F6-E3C1-479F-9990-A1392CF098B5}.Debug|x86.Build.0 = Debug|Any CPU
		{760AC1F6-E3C1-479F-9990-A1392CF098B5}.Release|Any CPU.ActiveCfg = Release|Any CPU
		{760AC1F6-E3C1-479F-9990-A1392CF098B5}.Release|Any CPU.Build.0 = Release|Any CPU
		{760AC1F6-E3C1-479F-9990-A1392CF098B5}.Release|ARM.ActiveCfg = Release|Any CPU
		{760AC1F6-E3C1-479F-9990-A1392CF098B5}.Release|ARM.Build.0 = Release|Any CPU
		{760AC1F6-E3C1-479F-9990-A1392CF098B5}.Release|x64.ActiveCfg = Release|Any CPU
		{760AC1F6-E3C1-479F-9990-A1392CF098B5}.Release|x64.Build.0 = Release|Any CPU
		{760AC1F6-E3C1-479F-9990-A1392CF098B5}.Release|x86.ActiveCfg = Release|Any CPU
		{760AC1F6-E3C1-479F-9990-A1392CF098B5}.Release|x86.Build.0 = Release|Any CPU
		{5E9C59F0-B155-4E1F-8419-B226F7AB4EA7}.Debug|Any CPU.ActiveCfg = Debug|Any CPU
		{5E9C59F0-B155-4E1F-8419-B226F7AB4EA7}.Debug|Any CPU.Build.0 = Debug|Any CPU
		{5E9C59F0-B155-4E1F-8419-B226F7AB4EA7}.Debug|ARM.ActiveCfg = Debug|Any CPU
		{5E9C59F0-B155-4E1F-8419-B226F7AB4EA7}.Debug|ARM.Build.0 = Debug|Any CPU
		{5E9C59F0-B155-4E1F-8419-B226F7AB4EA7}.Debug|x64.ActiveCfg = Debug|Any CPU
		{5E9C59F0-B155-4E1F-8419-B226F7AB4EA7}.Debug|x64.Build.0 = Debug|Any CPU
		{5E9C59F0-B155-4E1F-8419-B226F7AB4EA7}.Debug|x86.ActiveCfg = Debug|Any CPU
		{5E9C59F0-B155-4E1F-8419-B226F7AB4EA7}.Debug|x86.Build.0 = Debug|Any CPU
		{5E9C59F0-B155-4E1F-8419-B226F7AB4EA7}.Release|Any CPU.ActiveCfg = Release|Any CPU
		{5E9C59F0-B155-4E1F-8419-B226F7AB4EA7}.Release|Any CPU.Build.0 = Release|Any CPU
		{5E9C59F0-B155-4E1F-8419-B226F7AB4EA7}.Release|ARM.ActiveCfg = Release|Any CPU
		{5E9C59F0-B155-4E1F-8419-B226F7AB4EA7}.Release|ARM.Build.0 = Release|Any CPU
		{5E9C59F0-B155-4E1F-8419-B226F7AB4EA7}.Release|x64.ActiveCfg = Release|Any CPU
		{5E9C59F0-B155-4E1F-8419-B226F7AB4EA7}.Release|x64.Build.0 = Release|Any CPU
		{5E9C59F0-B155-4E1F-8419-B226F7AB4EA7}.Release|x86.ActiveCfg = Release|Any CPU
		{5E9C59F0-B155-4E1F-8419-B226F7AB4EA7}.Release|x86.Build.0 = Release|Any CPU
	EndGlobalSection
	GlobalSection(SolutionProperties) = preSolution
		HideSolutionNode = FALSE
	EndGlobalSection
	GlobalSection(NestedProjects) = preSolution
		{1E6E8F58-F37D-4AD5-88F5-5BAADB3DD505} = {DB9A5C42-3F8B-4546-96F2-DD35BCACA018}
		{760AC1F6-E3C1-479F-9990-A1392CF098B5} = {57E4BD5E-EA38-4913-A45C-B349AE5D5C54}
		{5E9C59F0-B155-4E1F-8419-B226F7AB4EA7} = {57E4BD5E-EA38-4913-A45C-B349AE5D5C54}
	EndGlobalSection
EndGlobal
